
Microsoft Visual Studio Solution File, Format Version 12.00
# Visual Studio Version 17
VisualStudioVersion = 17.14.36518.9
MinimumVisualStudioVersion = 10.0.40219.1
Project("{FAE04EC0-301F-11D3-BF4B-00C04F79EFBC}") = "csharpex1", "csharpex1\csharpex1.csproj", "{97877774-71FE-49CF-A71A-471202A9841D}"
EndProject
Project("{FAE04EC0-301F-11D3-BF4B-00C04F79EFBC}") = "csharpex2", "csharpex2\csharpex2.csproj", "{E4BADDA0-AEEB-465D-8457-D85FF9082A48}"
EndProject
Project("{FAE04EC0-301F-11D3-BF4B-00C04F79EFBC}") = "appli_zoo", "appli_zoo\appli_zoo.csproj", "{DE2BC5AE-86F1-4952-85D9-2768F6718C21}"
EndProject
Project("{FAE04EC0-301F-11D3-BF4B-00C04F79EFBC}") = "LinqExercicePresentationNet8", "LinqExercicePresentationNet8\LinqExercicePresentationNet8.csproj", "{FC64A5EA-A208-E6D1-F0B3-7BE4C26F5029}"
EndProject
Project("{FAE04EC0-301F-11D3-BF4B-00C04F79EFBC}") = "DataSources", "DataSources\DataSources.csproj", "{EE177A56-1B0B-6DDC-94F9-8FFD0246ADF4}"
EndProject
Global
	GlobalSection(SolutionConfigurationPlatforms) = preSolution
		Debug|Any CPU = Debug|Any CPU
		Release|Any CPU = Release|Any CPU
	EndGlobalSection
	GlobalSection(ProjectConfigurationPlatforms) = postSolution
		{97877774-71FE-49CF-A71A-471202A9841D}.Debug|Any CPU.ActiveCfg = Debug|Any CPU
		{97877774-71FE-49CF-A71A-471202A9841D}.Debug|Any CPU.Build.0 = Debug|Any CPU
		{97877774-71FE-49CF-A71A-471202A9841D}.Release|Any CPU.ActiveCfg = Release|Any CPU
		{97877774-71FE-49CF-A71A-471202A9841D}.Release|Any CPU.Build.0 = Release|Any CPU
		{E4BADDA0-AEEB-465D-8457-D85FF9082A48}.Debug|Any CPU.ActiveCfg = Debug|Any CPU
		{E4BADDA0-AEEB-465D-8457-D85FF9082A48}.Debug|Any CPU.Build.0 = Debug|Any CPU
		{E4BADDA0-AEEB-465D-8457-D85FF9082A48}.Release|Any CPU.ActiveCfg = Release|Any CPU
		{E4BADDA0-AEEB-465D-8457-D85FF9082A48}.Release|Any CPU.Build.0 = Release|Any CPU
		{DE2BC5AE-86F1-4952-85D9-2768F6718C21}.Debug|Any CPU.ActiveCfg = Debug|Any CPU
		{DE2BC5AE-86F1-4952-85D9-2768F6718C21}.Debug|Any CPU.Build.0 = Debug|Any CPU
		{DE2BC5AE-86F1-4952-85D9-2768F6718C21}.Release|Any CPU.ActiveCfg = Release|Any CPU
		{DE2BC5AE-86F1-4952-85D9-2768F6718C21}.Release|Any CPU.Build.0 = Release|Any CPU
		{FC64A5EA-A208-E6D1-F0B3-7BE4C26F5029}.Debug|Any CPU.ActiveCfg = Debug|Any CPU
		{FC64A5EA-A208-E6D1-F0B3-7BE4C26F5029}.Debug|Any CPU.Build.0 = Debug|Any CPU
		{FC64A5EA-A208-E6D1-F0B3-7BE4C26F5029}.Release|Any CPU.ActiveCfg = Release|Any CPU
		{FC64A5EA-A208-E6D1-F0B3-7BE4C26F5029}.Release|Any CPU.Build.0 = Release|Any CPU
		{EE177A56-1B0B-6DDC-94F9-8FFD0246ADF4}.Debug|Any CPU.ActiveCfg = Debug|Any CPU
		{EE177A56-1B0B-6DDC-94F9-8FFD0246ADF4}.Debug|Any CPU.Build.0 = Debug|Any CPU
		{EE177A56-1B0B-6DDC-94F9-8FFD0246ADF4}.Release|Any CPU.ActiveCfg = Release|Any CPU
		{EE177A56-1B0B-6DDC-94F9-8FFD0246ADF4}.Release|Any CPU.Build.0 = Release|Any CPU
	EndGlobalSection
	GlobalSection(SolutionProperties) = preSolution
		HideSolutionNode = FALSE
	EndGlobalSection
	GlobalSection(ExtensibilityGlobals) = postSolution
		SolutionGuid = {26D02714-A61F-496A-90F0-22DD564454AA}
	EndGlobalSection
EndGlobal
